
Microsoft Visual Studio Solution File, Format Version 12.00
# Visual Studio Version 16
VisualStudioVersion = 16.0.30406.217
MinimumVisualStudioVersion = 10.0.40219.1
Project("{FAE04EC0-301F-11D3-BF4B-00C04F79EFBC}") = "ChatClient", "ChatClient\ChatClient.csproj", "{9A58D626-3DBD-48EF-B5A9-C13CF4FBD2DF}"
EndProject
Project("{FAE04EC0-301F-11D3-BF4B-00C04F79EFBC}") = "ChatServer", "ChatServer\ChatServer.csproj", "{C3ADC19D-4E48-4A42-8E62-282795F13387}"
EndProject
Global
	GlobalSection(SolutionConfigurationPlatforms) = preSolution
		Debug|Any CPU = Debug|Any CPU
		Release|Any CPU = Release|Any CPU
	EndGlobalSection
	GlobalSection(ProjectConfigurationPlatforms) = postSolution
		{9A58D626-3DBD-48EF-B5A9-C13CF4FBD2DF}.Debug|Any CPU.ActiveCfg = Debug|Any CPU
		{9A58D626-3DBD-48EF-B5A9-C13CF4FBD2DF}.Debug|Any CPU.Build.0 = Debug|Any CPU
		{9A58D626-3DBD-48EF-B5A9-C13CF4FBD2DF}.Release|Any CPU.ActiveCfg = Release|Any CPU
		{9A58D626-3DBD-48EF-B5A9-C13CF4FBD2DF}.Release|Any CPU.Build.0 = Release|Any CPU
		{C3ADC19D-4E48-4A42-8E62-282795F13387}.Debug|Any CPU.ActiveCfg = Debug|Any CPU
		{C3ADC19D-4E48-4A42-8E62-282795F13387}.Debug|Any CPU.Build.0 = Debug|Any CPU
		{C3ADC19D-4E48-4A42-8E62-282795F13387}.Release|Any CPU.ActiveCfg = Release|Any CPU
		{C3ADC19D-4E48-4A42-8E62-282795F13387}.Release|Any CPU.Build.0 = Release|Any CPU
	EndGlobalSection
	GlobalSection(SolutionProperties) = preSolution
		HideSolutionNode = FALSE
	EndGlobalSection
	GlobalSection(ExtensibilityGlobals) = postSolution
		SolutionGuid = {3C20AC95-0F36-465C-91DE-5AF036D9AEBC}
	EndGlobalSection
EndGlobal
